// !$*UTF8*$!
{
	archiveVersion = 1;
	classes = {
	};
	objectVersion = 46;
	objects = {

/* Begin PBXBuildFile section */
		270925AB1E8CA7D200C46CEC /* AFNetworking.framework in Frameworks */ = {isa = PBXBuildFile; fileRef = 270925AA1E8CA7D200C46CEC /* AFNetworking.framework */; };
		270925AD1E8CAD6400C46CEC /* Post.swift in Sources */ = {isa = PBXBuildFile; fileRef = 270925AC1E8CAD6400C46CEC /* Post.swift */; };
		270925AF1E8CAF1800C46CEC /* ApiManagerHelper.swift in Sources */ = {isa = PBXBuildFile; fileRef = 270925AE1E8CAF1800C46CEC /* ApiManagerHelper.swift */; };
		270925B11E8CB7D300C46CEC /* CustomPostCell.swift in Sources */ = {isa = PBXBuildFile; fileRef = 270925B01E8CB7D300C46CEC /* CustomPostCell.swift */; };
		274ABEF91E8CA5830088920B /* ApiManager.swift in Sources */ = {isa = PBXBuildFile; fileRef = 274ABEF81E8CA5830088920B /* ApiManager.swift */; };
		27BD0E0B1E8CA19E003C14A3 /* AppDelegate.swift in Sources */ = {isa = PBXBuildFile; fileRef = 27BD0E0A1E8CA19E003C14A3 /* AppDelegate.swift */; };
		27BD0E0D1E8CA19E003C14A3 /* HomeTableViewController.swift in Sources */ = {isa = PBXBuildFile; fileRef = 27BD0E0C1E8CA19E003C14A3 /* HomeTableViewController.swift */; };
		27BD0E101E8CA19E003C14A3 /* Main.storyboard in Resources */ = {isa = PBXBuildFile; fileRef = 27BD0E0E1E8CA19E003C14A3 /* Main.storyboard */; };
		27BD0E121E8CA19E003C14A3 /* Assets.xcassets in Resources */ = {isa = PBXBuildFile; fileRef = 27BD0E111E8CA19E003C14A3 /* Assets.xcassets */; };
		27BD0E151E8CA19E003C14A3 /* LaunchScreen.storyboard in Resources */ = {isa = PBXBuildFile; fileRef = 27BD0E131E8CA19E003C14A3 /* LaunchScreen.storyboard */; };
		A28E2FA86A8C26A1B4B32234 /* Pods_TumblrFeed.framework in Frameworks */ = {isa = PBXBuildFile; fileRef = 07BE8BD3EFB0DF808EC35440 /* Pods_TumblrFeed.framework */; };
/* End PBXBuildFile section */

/* Begin PBXFileReference section */
		07BE8BD3EFB0DF808EC35440 /* Pods_TumblrFeed.framework */ = {isa = PBXFileReference; explicitFileType = wrapper.framework; includeInIndex = 0; path = Pods_TumblrFeed.framework; sourceTree = BUILT_PRODUCTS_DIR; };
		270925AA1E8CA7D200C46CEC /* AFNetworking.framework */ = {isa = PBXFileReference; lastKnownFileType = wrapper.framework; name = AFNetworking.framework; path = "../../../Library/Developer/Xcode/DerivedData/TumblrFeed-ckgwkzkjbtcotqakhykvybcoydfc/Build/Products/Debug-iphonesimulator/AFNetworking/AFNetworking.framework"; sourceTree = "<group>"; };
		270925AC1E8CAD6400C46CEC /* Post.swift */ = {isa = PBXFileReference; fileEncoding = 4; lastKnownFileType = sourcecode.swift; path = Post.swift; sourceTree = "<group>"; };
		270925AE1E8CAF1800C46CEC /* ApiManagerHelper.swift */ = {isa = PBXFileReference; fileEncoding = 4; lastKnownFileType = sourcecode.swift; path = ApiManagerHelper.swift; sourceTree = "<group>"; };
		270925B01E8CB7D300C46CEC /* CustomPostCell.swift */ = {isa = PBXFileReference; fileEncoding = 4; lastKnownFileType = sourcecode.swift; path = CustomPostCell.swift; sourceTree = "<group>"; };
		274ABEF81E8CA5830088920B /* ApiManager.swift */ = {isa = PBXFileReference; fileEncoding = 4; lastKnownFileType = sourcecode.swift; path = ApiManager.swift; sourceTree = "<group>"; };
		274ABEFA1E8CA5D30088920B /* libAFNetworking.a */ = {isa = PBXFileReference; lastKnownFileType = archive.ar; name = libAFNetworking.a; path = "../../../Library/Developer/Xcode/DerivedData/TumblrFeed-ckgwkzkjbtcotqakhykvybcoydfc/Build/Products/Debug-iphonesimulator/AFNetworking/libAFNetworking.a"; sourceTree = "<group>"; };
		27BD0E071E8CA19E003C14A3 /* TumblrFeed.app */ = {isa = PBXFileReference; explicitFileType = wrapper.application; includeInIndex = 0; path = TumblrFeed.app; sourceTree = BUILT_PRODUCTS_DIR; };
		27BD0E0A1E8CA19E003C14A3 /* AppDelegate.swift */ = {isa = PBXFileReference; lastKnownFileType = sourcecode.swift; path = AppDelegate.swift; sourceTree = "<group>"; };
		27BD0E0C1E8CA19E003C14A3 /* HomeTableViewController.swift */ = {isa = PBXFileReference; lastKnownFileType = sourcecode.swift; path = HomeTableViewController.swift; sourceTree = "<group>"; };
		27BD0E0F1E8CA19E003C14A3 /* Base */ = {isa = PBXFileReference; lastKnownFileType = file.storyboard; name = Base; path = Base.lproj/Main.storyboard; sourceTree = "<group>"; };
		27BD0E111E8CA19E003C14A3 /* Assets.xcassets */ = {isa = PBXFileReference; lastKnownFileType = folder.assetcatalog; path = Assets.xcassets; sourceTree = "<group>"; };
		27BD0E141E8CA19E003C14A3 /* Base */ = {isa = PBXFileReference; lastKnownFileType = file.storyboard; name = Base; path = Base.lproj/LaunchScreen.storyboard; sourceTree = "<group>"; };
		27BD0E161E8CA19E003C14A3 /* Info.plist */ = {isa = PBXFileReference; lastKnownFileType = text.plist.xml; path = Info.plist; sourceTree = "<group>"; };
		3F6A29802ACF66F3194E2C7C /* Pods-TumblrFeed.release.xcconfig */ = {isa = PBXFileReference; includeInIndex = 1; lastKnownFileType = text.xcconfig; name = "Pods-TumblrFeed.release.xcconfig"; path = "Pods/Target Support Files/Pods-TumblrFeed/Pods-TumblrFeed.release.xcconfig"; sourceTree = "<group>"; };
		94167915018F2C33CE6BB7F0 /* Pods-TumblrFeed.debug.xcconfig */ = {isa = PBXFileReference; includeInIndex = 1; lastKnownFileType = text.xcconfig; name = "Pods-TumblrFeed.debug.xcconfig"; path = "Pods/Target Support Files/Pods-TumblrFeed/Pods-TumblrFeed.debug.xcconfig"; sourceTree = "<group>"; };
/* End PBXFileReference section */

/* Begin PBXFrameworksBuildPhase section */
		27BD0E041E8CA19E003C14A3 /* Frameworks */ = {
			isa = PBXFrameworksBuildPhase;
			buildActionMask = 2147483647;
			files = (
				270925AB1E8CA7D200C46CEC /* AFNetworking.framework in Frameworks */,
				A28E2FA86A8C26A1B4B32234 /* Pods_TumblrFeed.framework in Frameworks */,
			);
			runOnlyForDeploymentPostprocessing = 0;
		};
/* End PBXFrameworksBuildPhase section */

/* Begin PBXGroup section */
		27BD0DFE1E8CA19E003C14A3 = {
			isa = PBXGroup;
			children = (
				27BD0E091E8CA19E003C14A3 /* TumblrFeed */,
				27BD0E081E8CA19E003C14A3 /* Products */,
				D9F37A34D2FB9F213701008B /* Pods */,
				320B967F43EB894724A7BABF /* Frameworks */,
			);
			sourceTree = "<group>";
		};
		27BD0E081E8CA19E003C14A3 /* Products */ = {
			isa = PBXGroup;
			children = (
				27BD0E071E8CA19E003C14A3 /* TumblrFeed.app */,
			);
			name = Products;
			sourceTree = "<group>";
		};
		27BD0E091E8CA19E003C14A3 /* TumblrFeed */ = {
			isa = PBXGroup;
			children = (
				27BD0E0A1E8CA19E003C14A3 /* AppDelegate.swift */,
				27BD0E0C1E8CA19E003C14A3 /* HomeTableViewController.swift */,
				27BD0E0E1E8CA19E003C14A3 /* Main.storyboard */,
				27BD0E111E8CA19E003C14A3 /* Assets.xcassets */,
				27BD0E131E8CA19E003C14A3 /* LaunchScreen.storyboard */,
				27BD0E161E8CA19E003C14A3 /* Info.plist */,
				274ABEF81E8CA5830088920B /* ApiManager.swift */,
				270925AC1E8CAD6400C46CEC /* Post.swift */,
				270925AE1E8CAF1800C46CEC /* ApiManagerHelper.swift */,
				270925B01E8CB7D300C46CEC /* CustomPostCell.swift */,
			);
			path = TumblrFeed;
			sourceTree = "<group>";
		};
		320B967F43EB894724A7BABF /* Frameworks */ = {
			isa = PBXGroup;
			children = (
				270925AA1E8CA7D200C46CEC /* AFNetworking.framework */,
				274ABEFA1E8CA5D30088920B /* libAFNetworking.a */,
				07BE8BD3EFB0DF808EC35440 /* Pods_TumblrFeed.framework */,
			);
			name = Frameworks;
			sourceTree = "<group>";
		};
		D9F37A34D2FB9F213701008B /* Pods */ = {
			isa = PBXGroup;
			children = (
				94167915018F2C33CE6BB7F0 /* Pods-TumblrFeed.debug.xcconfig */,
				3F6A29802ACF66F3194E2C7C /* Pods-TumblrFeed.release.xcconfig */,
			);
			name = Pods;
			sourceTree = "<group>";
		};
/* End PBXGroup section */

/* Begin PBXNativeTarget section */
		27BD0E061E8CA19E003C14A3 /* TumblrFeed */ = {
			isa = PBXNativeTarget;
			buildConfigurationList = 27BD0E191E8CA19E003C14A3 /* Build configuration list for PBXNativeTarget "TumblrFeed" */;
			buildPhases = (
				B61640EB1857E6ECB678AEE1 /* [CP] Check Pods Manifest.lock */,
				27BD0E031E8CA19E003C14A3 /* Sources */,
				27BD0E041E8CA19E003C14A3 /* Frameworks */,
				27BD0E051E8CA19E003C14A3 /* Resources */,
				3634A213B53866EC576C9456 /* [CP] Embed Pods Frameworks */,
				DE0FF428C72FC73E633F0FFC /* [CP] Copy Pods Resources */,
			);
			buildRules = (
			);
			dependencies = (
			);
			name = TumblrFeed;
			productName = TumblrFeed;
			productReference = 27BD0E071E8CA19E003C14A3 /* TumblrFeed.app */;
			productType = "com.apple.product-type.application";
		};
/* End PBXNativeTarget section */

/* Begin PBXProject section */
		27BD0DFF1E8CA19E003C14A3 /* Project object */ = {
			isa = PBXProject;
			attributes = {
				LastSwiftUpdateCheck = 0820;
				LastUpgradeCheck = 0820;
				ORGANIZATIONNAME = "Rocha, Luis";
				TargetAttributes = {
					27BD0E061E8CA19E003C14A3 = {
						CreatedOnToolsVersion = 8.2.1;
						ProvisioningStyle = Automatic;
					};
				};
			};
			buildConfigurationList = 27BD0E021E8CA19E003C14A3 /* Build configuration list for PBXProject "TumblrFeed" */;
			compatibilityVersion = "Xcode 3.2";
			developmentRegion = English;
			hasScannedForEncodings = 0;
			knownRegions = (
				en,
				Base,
			);
			mainGroup = 27BD0DFE1E8CA19E003C14A3;
			productRefGroup = 27BD0E081E8CA19E003C14A3 /* Products */;
			projectDirPath = "";
			projectRoot = "";
			targets = (
				27BD0E061E8CA19E003C14A3 /* TumblrFeed */,
			);
		};
/* End PBXProject section */

/* Begin PBXResourcesBuildPhase section */
		27BD0E051E8CA19E003C14A3 /* Resources */ = {
			isa = PBXResourcesBuildPhase;
			buildActionMask = 2147483647;
			files = (
				27BD0E151E8CA19E003C14A3 /* LaunchScreen.storyboard in Resources */,
				27BD0E121E8CA19E003C14A3 /* Assets.xcassets in Resources */,
				27BD0E101E8CA19E003C14A3 /* Main.storyboard in Resources */,
			);
			runOnlyForDeploymentPostprocessing = 0;
		};
/* End PBXResourcesBuildPhase section */

/* Begin PBXShellScriptBuildPhase section */
		3634A213B53866EC576C9456 /* [CP] Embed Pods Frameworks */ = {
			isa = PBXShellScriptBuildPhase;
			buildActionMask = 2147483647;
			files = (
			);
			inputPaths = (
			);
			name = "[CP] Embed Pods Frameworks";
			outputPaths = (
			);
			runOnlyForDeploymentPostprocessing = 0;
			shellPath = /bin/sh;
			shellScript = "\"${SRCROOT}/Pods/Target Support Files/Pods-TumblrFeed/Pods-TumblrFeed-frameworks.sh\"\n";
			showEnvVarsInLog = 0;
		};
		B61640EB1857E6ECB678AEE1 /* [CP] Check Pods Manifest.lock */ = {
			isa = PBXShellScriptBuildPhase;
			buildActionMask = 2147483647;
			files = (
			);
			inputPaths = (
			);
			name = "[CP] Check Pods Manifest.lock";
			outputPaths = (
			);
			runOnlyForDeploymentPostprocessing = 0;
			shellPath = /bin/sh;
			shellScript = "diff \"${PODS_ROOT}/../Podfile.lock\" \"${PODS_ROOT}/Manifest.lock\" > /dev/null\nif [ $? != 0 ] ; then\n    # print error to STDERR\n    echo \"error: The sandbox is not in sync with the Podfile.lock. Run 'pod install' or update your CocoaPods installation.\" >&2\n    exit 1\nfi\n";
			showEnvVarsInLog = 0;
		};
		DE0FF428C72FC73E633F0FFC /* [CP] Copy Pods Resources */ = {
			isa = PBXShellScriptBuildPhase;
			buildActionMask = 2147483647;
			files = (
			);
			inputPaths = (
			);
			name = "[CP] Copy Pods Resources";
			outputPaths = (
			);
			runOnlyForDeploymentPostprocessing = 0;
			shellPath = /bin/sh;
			shellScript = "\"${SRCROOT}/Pods/Target Support Files/Pods-TumblrFeed/Pods-TumblrFeed-resources.sh\"\n";
			showEnvVarsInLog = 0;
		};
/* End PBXShellScriptBuildPhase section */

/* Begin PBXSourcesBuildPhase section */
		27BD0E031E8CA19E003C14A3 /* Sources */ = {
			isa = PBXSourcesBuildPhase;
			buildActionMask = 2147483647;
			files = (
				27BD0E0D1E8CA19E003C14A3 /* HomeTableViewController.swift in Sources */,
				274ABEF91E8CA5830088920B /* ApiManager.swift in Sources */,
				270925AF1E8CAF1800C46CEC /* ApiManagerHelper.swift in Sources */,
				27BD0E0B1E8CA19E003C14A3 /* AppDelegate.swift in Sources */,
				270925B11E8CB7D300C46CEC /* CustomPostCell.swift in Sources */,
				270925AD1E8CAD6400C46CEC /* Post.swift in Sources */,
			);
			runOnlyForDeploymentPostprocessing = 0;
		};
/* End PBXSourcesBuildPhase section */

/* Begin PBXVariantGroup section */
		27BD0E0E1E8CA19E003C14A3 /* Main.storyboard */ = {
			isa = PBXVariantGroup;
			children = (
				27BD0E0F1E8CA19E003C14A3 /* Base */,
			);
			name = Main.storyboard;
			sourceTree = "<group>";
		};
		27BD0E131E8CA19E003C14A3 /* LaunchScreen.storyboard */ = {
			isa = PBXVariantGroup;
			children = (
				27BD0E141E8CA19E003C14A3 /* Base */,
			);
			name = LaunchScreen.storyboard;
			sourceTree = "<group>";
		};
/* End PBXVariantGroup section */

/* Begin XCBuildConfiguration section */
		27BD0E171E8CA19E003C14A3 /* Debug */ = {
			isa = XCBuildConfiguration;
			buildSettings = {
				ALWAYS_SEARCH_USER_PATHS = NO;
				CLANG_ANALYZER_NONNULL = YES;
				CLANG_CXX_LANGUAGE_STANDARD = "gnu++0x";
				CLANG_CXX_LIBRARY = "libc++";
				CLANG_ENABLE_MODULES = YES;
				CLANG_ENABLE_OBJC_ARC = YES;
				CLANG_WARN_BOOL_CONVERSION = YES;
				CLANG_WARN_CONSTANT_CONVERSION = YES;
				CLANG_WARN_DIRECT_OBJC_ISA_USAGE = YES_ERROR;
				CLANG_WARN_DOCUMENTATION_COMMENTS = YES;
				CLANG_WARN_EMPTY_BODY = YES;
				CLANG_WARN_ENUM_CONVERSION = YES;
				CLANG_WARN_INFINITE_RECURSION = YES;
				CLANG_WARN_INT_CONVERSION = YES;
				CLANG_WARN_OBJC_ROOT_CLASS = YES_ERROR;
				CLANG_WARN_SUSPICIOUS_MOVE = YES;
				CLANG_WARN_UNREACHABLE_CODE = YES;
				CLANG_WARN__DUPLICATE_METHOD_MATCH = YES;
				"CODE_SIGN_IDENTITY[sdk=iphoneos*]" = "iPhone Developer";
				COPY_PHASE_STRIP = NO;
				DEBUG_INFORMATION_FORMAT = dwarf;
				ENABLE_STRICT_OBJC_MSGSEND = YES;
				ENABLE_TESTABILITY = YES;
				GCC_C_LANGUAGE_STANDARD = gnu99;
				GCC_DYNAMIC_NO_PIC = NO;
				GCC_NO_COMMON_BLOCKS = YES;
				GCC_OPTIMIZATION_LEVEL = 0;
				GCC_PREPROCESSOR_DEFINITIONS = (
					"DEBUG=1",
					"$(inherited)",
				);
				GCC_WARN_64_TO_32_BIT_CONVERSION = YES;
				GCC_WARN_ABOUT_RETURN_TYPE = YES_ERROR;
				GCC_WARN_UNDECLARED_SELECTOR = YES;
				GCC_WARN_UNINITIALIZED_AUTOS = YES_AGGRESSIVE;
				GCC_WARN_UNUSED_FUNCTION = YES;
				GCC_WARN_UNUSED_VARIABLE = YES;
				IPHONEOS_DEPLOYMENT_TARGET = 10.2;
				MTL_ENABLE_DEBUG_INFO = YES;
				ONLY_ACTIVE_ARCH = YES;
				SDKROOT = iphoneos;
				SWIFT_ACTIVE_COMPILATION_CONDITIONS = DEBUG;
				SWIFT_OPTIMIZATION_LEVEL = "-Onone";
				TARGETED_DEVICE_FAMILY = "1,2";
			};
			name = Debug;
		};
		27BD0E181E8CA19E003C14A3 /* Release */ = {
			isa = XCBuildConfiguration;
			buildSettings = {
				ALWAYS_SEARCH_USER_PATHS = NO;
				CLANG_ANALYZER_NONNULL = YES;
				CLANG_CXX_LANGUAGE_STANDARD = "gnu++0x";
				CLANG_CXX_LIBRARY = "libc++";
				CLANG_ENABLE_MODULES = YES;
				CLANG_ENABLE_OBJC_ARC = YES;
				CLANG_WARN_BOOL_CONVERSION = YES;
				CLANG_WARN_CONSTANT_CONVERSION = YES;
				CLANG_WARN_DIRECT_OBJC_ISA_USAGE = YES_ERROR;
				CLANG_WARN_DOCUMENTATION_COMMENTS = YES;
				CLANG_WARN_EMPTY_BODY = YES;
				CLANG_WARN_ENUM_CONVERSION = YES;
				CLANG_WARN_INFINITE_RECURSION = YES;
				CLANG_WARN_INT_CONVERSION = YES;
				CLANG_WARN_OBJC_ROOT_CLASS = YES_ERROR;
				CLANG_WARN_SUSPICIOUS_MOVE = YES;
				CLANG_WARN_UNREACHABLE_CODE = YES;
				CLANG_WARN__DUPLICATE_METHOD_MATCH = YES;
				"CODE_SIGN_IDENTITY[sdk=iphoneos*]" = "iPhone Developer";
				COPY_PHASE_STRIP = NO;
				DEBUG_INFORMATION_FORMAT = "dwarf-with-dsym";
				ENABLE_NS_ASSERTIONS = NO;
				ENABLE_STRICT_OBJC_MSGSEND = YES;
				GCC_C_LANGUAGE_STANDARD = gnu99;
				GCC_NO_COMMON_BLOCKS = YES;
				GCC_WARN_64_TO_32_BIT_CONVERSION = YES;
				GCC_WARN_ABOUT_RETURN_TYPE = YES_ERROR;
				GCC_WARN_UNDECLARED_SELECTOR = YES;
				GCC_WARN_UNINITIALIZED_AUTOS = YES_AGGRESSIVE;
				GCC_WARN_UNUSED_FUNCTION = YES;
				GCC_WARN_UNUSED_VARIABLE = YES;
				IPHONEOS_DEPLOYMENT_TARGET = 10.2;
				MTL_ENABLE_DEBUG_INFO = NO;
				SDKROOT = iphoneos;
				SWIFT_OPTIMIZATION_LEVEL = "-Owholemodule";
				TARGETED_DEVICE_FAMILY = "1,2";
				VALIDATE_PRODUCT = YES;
			};
			name = Release;
		};
		27BD0E1A1E8CA19E003C14A3 /* Debug */ = {
			isa = XCBuildConfiguration;
			baseConfigurationReference = 94167915018F2C33CE6BB7F0 /* Pods-TumblrFeed.debug.xcconfig */;
			buildSettings = {
				ASSETCATALOG_COMPILER_APPICON_NAME = AppIcon;
				INFOPLIST_FILE = TumblrFeed/Info.plist;
				LD_RUNPATH_SEARCH_PATHS = "$(inherited) @executable_path/Frameworks";
				PRODUCT_BUNDLE_IDENTIFIER = com.github.lerocha.TumblrFeed;
				PRODUCT_NAME = "$(TARGET_NAME)";
				SWIFT_VERSION = 3.0;
			};
			name = Debug;
		};
		27BD0E1B1E8CA19E003C14A3 /* Release */ = {
			isa = XCBuildConfiguration;
			baseConfigurationReference = 3F6A29802ACF66F3194E2C7C /* Pods-TumblrFeed.release.xcconfig */;
			buildSettings = {
				ASSETCATALOG_COMPILER_APPICON_NAME = AppIcon;
				INFOPLIST_FILE = TumblrFeed/Info.plist;
				LD_RUNPATH_SEARCH_PATHS = "$(inherited) @executable_path/Frameworks";
				PRODUCT_BUNDLE_IDENTIFIER = com.github.lerocha.TumblrFeed;
				PRODUCT_NAME = "$(TARGET_NAME)";
				SWIFT_VERSION = 3.0;
			};
			name = Release;
		};
/* End XCBuildConfiguration section */

/* Begin XCConfigurationList section */
		27BD0E021E8CA19E003C14A3 /* Build configuration list for PBXProject "TumblrFeed" */ = {
			isa = XCConfigurationList;
			buildConfigurations = (
				27BD0E171E8CA19E003C14A3 /* Debug */,
				27BD0E181E8CA19E003C14A3 /* Release */,
			);
			defaultConfigurationIsVisible = 0;
			defaultConfigurationName = Release;
		};
		27BD0E191E8CA19E003C14A3 /* Build configuration list for PBXNativeTarget "TumblrFeed" */ = {
			isa = XCConfigurationList;
			buildConfigurations = (
				27BD0E1A1E8CA19E003C14A3 /* Debug */,
				27BD0E1B1E8CA19E003C14A3 /* Release */,
			);
			defaultConfigurationIsVisible = 0;
			defaultConfigurationName = Release;
		};
/* End XCConfigurationList section */
	};
	rootObject = 27BD0DFF1E8CA19E003C14A3 /* Project object */;
}
